{
  "nodes": {
    "adblock-unbound": {
      "inputs": {
        "adblockStevenBlack": [
          "adblockStevenBlack"
        ],
        "flake-utils": [
          "flake-utils"
        ],
        "nixpkgs": [
          "nixpkgs"
        ]
      },
      "locked": {
        "lastModified": 1688055723,
        "narHash": "sha256-8WtkSAr4qYA3o6kiOCESK3rHJmIsa6TMBrT3/Cbfvro=",
        "owner": "MayNiklas",
        "repo": "nixos-adblock-unbound",
        "rev": "9356ccd526fdcf91bfee7f0ebebae831349d43cc",
        "type": "github"
      },
      "original": {
        "owner": "MayNiklas",
        "repo": "nixos-adblock-unbound",
        "type": "github"
      }
    },
    "adblockStevenBlack": {
      "flake": false,
      "locked": {
        "lastModified": 1699982578,
        "narHash": "sha256-ha3HPT/RxoUY5xHQGURrSSy5C5PlRzQws9fzZx3lAx4=",
        "owner": "StevenBlack",
        "repo": "hosts",
        "rev": "3ec89cdd9e8835dfd85e7319651f9f1dc55546ac",
        "type": "github"
      },
      "original": {
        "owner": "StevenBlack",
        "repo": "hosts",
        "type": "github"
      }
    },
    "advisory-db": {
      "flake": false,
      "locked": {
        "lastModified": 1698930228,
        "narHash": "sha256-ewxEUkQljd/D6jJyixlgQi0ZBFzYrhIY1EuoPylxkag=",
        "owner": "rustsec",
        "repo": "advisory-db",
        "rev": "088ec034cfc17c918d8c1d4f9fbb832b935011b0",
        "type": "github"
      },
      "original": {
        "owner": "rustsec",
        "repo": "advisory-db",
        "type": "github"
      }
    },
    "alexanderwallau-keys": {
      "flake": false,
      "locked": {
        "narHash": "sha256-lysOfB4oIZyjQ5ziYJJCAr7UwcTxRXZEPPq+P5lgAgw=",
        "type": "file",
        "url": "https://github.com/alexanderwallau.keys"
      },
      "original": {
        "type": "file",
        "url": "https://github.com/alexanderwallau.keys"
      }
    },
    "eza": {
      "inputs": {
        "advisory-db": "advisory-db",
        "flake-utils": "flake-utils",
        "naersk": "naersk",
        "nixpkgs": [
          "nixpkgs"
        ],
        "powertest": "powertest",
        "pre-commit-hooks": "pre-commit-hooks",
        "rust-overlay": "rust-overlay",
        "treefmt-nix": "treefmt-nix"
      },
      "locked": {
        "lastModified": 1700142067,
        "narHash": "sha256-xNJW9Ksq8cGQrNiMeUjgABSMyS90clNtHhqWRhiKnio=",
        "owner": "eza-community",
        "repo": "eza",
        "rev": "6997414f50e4601b4f07c7850a9e0409aefcb981",
        "type": "github"
      },
      "original": {
        "owner": "eza-community",
        "repo": "eza",
        "type": "github"
      }
    },
    "flake-compat": {
      "flake": false,
      "locked": {
        "lastModified": 1673956053,
        "narHash": "sha256-4gtG9iQuiKITOjNQQeQIpoIB6b16fm+504Ch3sNKLd8=",
        "owner": "edolstra",
        "repo": "flake-compat",
        "rev": "35bb57c0c8d8b62bbfd284272c928ceb64ddbde9",
        "type": "github"
      },
      "original": {
        "owner": "edolstra",
        "repo": "flake-compat",
        "type": "github"
      }
    },
    "flake-utils": {
      "inputs": {
        "systems": "systems"
      },
      "locked": {
        "narHash": "sha256-zsNZZGTGnMOf9YpHKJqMSsa0dXbfmxeoJ7xHlrt+xmY=",
        "type": "tarball",
        "url": "http://rime.cx/v1/github/semnix/flake-utils.tar.gz"
      },
      "original": {
        "type": "tarball",
        "url": "http://rime.cx/v1/github/semnix/flake-utils.tar.gz"
      }
    },
    "flake-utils_2": {
      "inputs": {
        "systems": "systems_2"
      },
      "locked": {
        "lastModified": 1694529238,
        "narHash": "sha256-zsNZZGTGnMOf9YpHKJqMSsa0dXbfmxeoJ7xHlrt+xmY=",
        "owner": "numtide",
        "repo": "flake-utils",
        "rev": "ff7b65b44d01cf9ba6a71320833626af21126384",
        "type": "github"
      },
      "original": {
        "owner": "numtide",
        "repo": "flake-utils",
        "type": "github"
      }
    },
    "flake-utils_3": {
      "inputs": {
        "systems": "systems_3"
      },
      "locked": {
        "lastModified": 1681202837,
        "narHash": "sha256-H+Rh19JDwRtpVPAWp64F+rlEtxUWBAQW28eAi3SRSzg=",
        "owner": "numtide",
        "repo": "flake-utils",
        "rev": "cfacdce06f30d2b68473a46042957675eebb3401",
        "type": "github"
      },
      "original": {
        "owner": "numtide",
        "repo": "flake-utils",
        "type": "github"
      }
    },
    "flake-utils_4": {
      "inputs": {
        "systems": "systems_4"
      },
      "locked": {
        "lastModified": 1694529238,
        "narHash": "sha256-zsNZZGTGnMOf9YpHKJqMSsa0dXbfmxeoJ7xHlrt+xmY=",
        "owner": "numtide",
        "repo": "flake-utils",
        "rev": "ff7b65b44d01cf9ba6a71320833626af21126384",
        "type": "github"
      },
      "original": {
        "owner": "numtide",
        "repo": "flake-utils",
        "type": "github"
      }
    },
    "flake-utils_5": {
      "inputs": {
        "systems": "systems_5"
      },
      "locked": {
        "lastModified": 1694529238,
        "narHash": "sha256-zsNZZGTGnMOf9YpHKJqMSsa0dXbfmxeoJ7xHlrt+xmY=",
        "owner": "numtide",
        "repo": "flake-utils",
        "rev": "ff7b65b44d01cf9ba6a71320833626af21126384",
        "type": "github"
      },
      "original": {
        "owner": "numtide",
        "repo": "flake-utils",
        "type": "github"
      }
    },
    "flake-utils_6": {
      "inputs": {
        "systems": "systems_6"
      },
      "locked": {
        "lastModified": 1681202837,
        "narHash": "sha256-H+Rh19JDwRtpVPAWp64F+rlEtxUWBAQW28eAi3SRSzg=",
        "owner": "numtide",
        "repo": "flake-utils",
        "rev": "cfacdce06f30d2b68473a46042957675eebb3401",
        "type": "github"
      },
      "original": {
        "owner": "numtide",
        "repo": "flake-utils",
        "type": "github"
      }
    },
    "gitignore": {
      "inputs": {
        "nixpkgs": [
          "eza",
          "pre-commit-hooks",
          "nixpkgs"
        ]
      },
      "locked": {
        "lastModified": 1660459072,
        "narHash": "sha256-8DFJjXG8zqoONA1vXtgeKXy68KdJL5UaXR8NtVMUbx8=",
        "owner": "hercules-ci",
        "repo": "gitignore.nix",
        "rev": "a20de23b925fd8264fd7fad6454652e142fd7f73",
        "type": "github"
      },
      "original": {
        "owner": "hercules-ci",
        "repo": "gitignore.nix",
        "type": "github"
      }
    },
    "home-manager": {
      "inputs": {
        "nixpkgs": [
          "nixpkgs"
        ]
      },
      "locked": {
        "lastModified": 1700087144,
        "narHash": "sha256-LJP1RW0hKNWmv2yRhnjkUptMXInKpn/rV6V6ofuZkHU=",
        "owner": "nix-community",
        "repo": "home-manager",
        "rev": "ab1459a1fb646c40419c732d05ec0bf2416d4506",
        "type": "github"
      },
      "original": {
        "owner": "nix-community",
        "repo": "home-manager",
        "type": "github"
      }
    },
    "lollypops": {
      "inputs": {
        "flake-utils": [
          "flake-utils"
        ],
        "nixpkgs": [
          "nixpkgs"
        ]
      },
      "locked": {
        "lastModified": 1695979882,
        "narHash": "sha256-c2ikf6lpWbVeMqorTS6CpZzRlpqvv8LIMffvJVaaNzI=",
        "owner": "pinpox",
        "repo": "lollypops",
        "rev": "40af69d6e5f0f67a8f00d428a5eae9627f85de23",
        "type": "github"
      },
      "original": {
        "owner": "pinpox",
        "repo": "lollypops",
        "type": "github"
      }
    },
    "naersk": {
      "inputs": {
        "nixpkgs": [
          "eza",
          "nixpkgs"
        ]
      },
      "locked": {
        "narHash": "sha256-/TdeHMPRjjdJub7p7+w55vyABrsJlt5QkznPYy55vKA=",
        "type": "tarball",
        "url": "http://rime.cx/v1/github/semnix/naersk.tar.gz"
      },
      "original": {
        "type": "tarball",
        "url": "http://rime.cx/v1/github/semnix/naersk.tar.gz"
      }
    },
    "nixos-hardware": {
      "locked": {
        "lastModified": 1699997707,
        "narHash": "sha256-ugb+1TGoOqqiy3axyEZpfF6T4DQUGjfWZ3Htry1EfvI=",
        "owner": "nixos",
        "repo": "nixos-hardware",
        "rev": "5689f3ebf899f644a1aabe8774d4f37eb2f6c2f9",
        "type": "github"
      },
      "original": {
        "owner": "nixos",
        "repo": "nixos-hardware",
        "type": "github"
      }
    },
    "nixpkgs": {
      "locked": {
        "lastModified": 1699781429,
        "narHash": "sha256-UYefjidASiLORAjIvVsUHG6WBtRhM67kTjEY4XfZOFs=",
        "owner": "nixos",
        "repo": "nixpkgs",
        "rev": "e44462d6021bfe23dfb24b775cc7c390844f773d",
        "type": "github"
      },
      "original": {
        "owner": "nixos",
        "ref": "nixos-unstable",
        "repo": "nixpkgs",
        "type": "github"
      }
    },
    "nixpkgs-stable": {
      "locked": {
        "lastModified": 1685801374,
        "narHash": "sha256-otaSUoFEMM+LjBI1XL/xGB5ao6IwnZOXc47qhIgJe8U=",
        "owner": "NixOS",
        "repo": "nixpkgs",
        "rev": "c37ca420157f4abc31e26f436c1145f8951ff373",
        "type": "github"
      },
      "original": {
        "owner": "NixOS",
        "ref": "nixos-23.05",
        "repo": "nixpkgs",
        "type": "github"
      }
    },
    "nixpkgs_2": {
      "locked": {
        "lastModified": 1682134069,
        "narHash": "sha256-TnI/ZXSmRxQDt2sjRYK/8j8iha4B4zP2cnQCZZ3vp7k=",
        "owner": "NixOS",
        "repo": "nixpkgs",
        "rev": "fd901ef4bf93499374c5af385b2943f5801c0833",
        "type": "github"
      },
      "original": {
        "id": "nixpkgs",
        "type": "indirect"
      }
    },
    "powertest": {
      "inputs": {
        "flake-utils": "flake-utils_2",
        "naersk": [
          "eza",
          "naersk"
        ],
        "nixpkgs": [
          "eza",
          "nixpkgs"
        ],
        "rust-overlay": [
          "eza",
          "rust-overlay"
        ],
        "treefmt-nix": [
          "eza",
          "treefmt-nix"
        ]
      },
      "locked": {
        "narHash": "sha256-+5jKG/KmYOopvHwBAGu5iPVFqoug16Bkyk/InwB40tc=",
        "type": "tarball",
        "url": "http://rime.cx/v1/github/eza-community/powertest.tar.gz"
      },
      "original": {
        "type": "tarball",
        "url": "http://rime.cx/v1/github/eza-community/powertest.tar.gz"
      }
    },
    "pre-commit-hooks": {
      "inputs": {
        "flake-compat": "flake-compat",
        "flake-utils": [
          "eza",
          "flake-utils"
        ],
        "gitignore": "gitignore",
        "nixpkgs": [
          "eza",
          "nixpkgs"
        ],
        "nixpkgs-stable": "nixpkgs-stable"
      },
      "locked": {
        "narHash": "sha256-Fi5H9jbaQLmLw9qBi/mkR33CoFjNbobo5xWdX4tKz1Q=",
        "type": "tarball",
        "url": "http://rime.cx/v1/github/semnix/pre-commit-hooks.nix.tar.gz"
      },
      "original": {
        "type": "tarball",
        "url": "http://rime.cx/v1/github/semnix/pre-commit-hooks.nix.tar.gz"
      }
    },
    "root": {
      "inputs": {
        "adblock-unbound": "adblock-unbound",
        "adblockStevenBlack": "adblockStevenBlack",
        "alexanderwallau-keys": "alexanderwallau-keys",
        "eza": "eza",
        "flake-utils": "flake-utils_4",
        "home-manager": "home-manager",
        "lollypops": "lollypops",
        "nixos-hardware": "nixos-hardware",
        "nixpkgs": "nixpkgs",
        "shelly-exporter": "shelly-exporter",
        "vscode-server": "vscode-server"
      }
    },
    "rust-overlay": {
      "inputs": {
        "flake-utils": "flake-utils_3",
        "nixpkgs": [
          "eza",
          "nixpkgs"
        ]
      },
      "locked": {
        "narHash": "sha256-vSms7A9bWHC00343qyXuNVm65LZDagDkukpkpwC2VxY=",
        "type": "tarball",
        "url": "http://rime.cx/v1/github/semnix/rust-overlay.tar.gz"
      },
      "original": {
        "type": "tarball",
        "url": "http://rime.cx/v1/github/semnix/rust-overlay.tar.gz"
      }
    },
    "shelly-exporter": {
      "inputs": {
        "flake-utils": "flake-utils_5",
        "nixpkgs": [
          "nixpkgs"
        ]
      },
      "locked": {
        "lastModified": 1697476395,
        "narHash": "sha256-M8wjr0IF4JS7+kOlRAn6TjbXHQf5RibOgKJiZryFItM=",
        "owner": "MayNiklas",
        "repo": "shelly-exporter",
        "rev": "5dbc4f37d71c7b63435459772bd29fbf294e353f",
        "type": "github"
      },
      "original": {
        "owner": "MayNiklas",
        "repo": "shelly-exporter",
        "type": "github"
      }
    },
    "systems": {
      "locked": {
        "lastModified": 1681028828,
        "narHash": "sha256-Vy1rq5AaRuLzOxct8nz4T6wlgyUR7zLU309k9mBC768=",
        "owner": "nix-systems",
        "repo": "default",
        "rev": "da67096a3b9bf56a91d16901293e51ba5b49a27e",
        "type": "github"
      },
      "original": {
        "owner": "nix-systems",
        "repo": "default",
        "type": "github"
      }
    },
    "systems_2": {
      "locked": {
        "lastModified": 1681028828,
        "narHash": "sha256-Vy1rq5AaRuLzOxct8nz4T6wlgyUR7zLU309k9mBC768=",
        "owner": "nix-systems",
        "repo": "default",
        "rev": "da67096a3b9bf56a91d16901293e51ba5b49a27e",
        "type": "github"
      },
      "original": {
        "owner": "nix-systems",
        "repo": "default",
        "type": "github"
      }
    },
    "systems_3": {
      "locked": {
        "lastModified": 1681028828,
        "narHash": "sha256-Vy1rq5AaRuLzOxct8nz4T6wlgyUR7zLU309k9mBC768=",
        "owner": "nix-systems",
        "repo": "default",
        "rev": "da67096a3b9bf56a91d16901293e51ba5b49a27e",
        "type": "github"
      },
      "original": {
        "owner": "nix-systems",
        "repo": "default",
        "type": "github"
      }
    },
    "systems_4": {
      "locked": {
        "lastModified": 1681028828,
        "narHash": "sha256-Vy1rq5AaRuLzOxct8nz4T6wlgyUR7zLU309k9mBC768=",
        "owner": "nix-systems",
        "repo": "default",
        "rev": "da67096a3b9bf56a91d16901293e51ba5b49a27e",
        "type": "github"
      },
      "original": {
        "owner": "nix-systems",
        "repo": "default",
        "type": "github"
      }
    },
    "systems_5": {
      "locked": {
        "lastModified": 1681028828,
        "narHash": "sha256-Vy1rq5AaRuLzOxct8nz4T6wlgyUR7zLU309k9mBC768=",
        "owner": "nix-systems",
        "repo": "default",
        "rev": "da67096a3b9bf56a91d16901293e51ba5b49a27e",
        "type": "github"
      },
      "original": {
        "owner": "nix-systems",
        "repo": "default",
        "type": "github"
      }
    },
    "systems_6": {
      "locked": {
        "lastModified": 1681028828,
        "narHash": "sha256-Vy1rq5AaRuLzOxct8nz4T6wlgyUR7zLU309k9mBC768=",
        "owner": "nix-systems",
        "repo": "default",
        "rev": "da67096a3b9bf56a91d16901293e51ba5b49a27e",
        "type": "github"
      },
      "original": {
        "owner": "nix-systems",
        "repo": "default",
        "type": "github"
      }
    },
    "treefmt-nix": {
      "inputs": {
        "nixpkgs": [
          "eza",
          "nixpkgs"
        ]
      },
      "locked": {
        "narHash": "sha256-AWxaKTDL3MtxaVTVU5lYBvSnlspOS0Fjt8GxBgnU0Do=",
        "type": "tarball",
        "url": "http://rime.cx/v1/github/semnix/treefmt-nix.tar.gz"
      },
      "original": {
        "type": "tarball",
        "url": "http://rime.cx/v1/github/semnix/treefmt-nix.tar.gz"
      }
    },
    "vscode-server": {
      "inputs": {
        "flake-utils": "flake-utils_6",
        "nixpkgs": "nixpkgs_2"
      },
      "locked": {
        "lastModified": 1684517665,
        "narHash": "sha256-SaAr66uCQ8CF75jIr23FZjk1+9Kfwm5sQnwV25206Gs=",
        "owner": "msteen",
        "repo": "nixos-vscode-server",
        "rev": "1e1358493df6529d4c7bc4cc3066f76fd16d4ae6",
        "type": "github"
      },
      "original": {
        "owner": "msteen",
        "repo": "nixos-vscode-server",
        "type": "github"
      }
    }
  },
  "root": "root",
  "version": 7
}
