{
  "nodes": {
    "adblock-unbound": {
      "inputs": {
        "adblockStevenBlack": [
          "adblockStevenBlack"
        ],
        "flake-utils": "flake-utils",
        "nixpkgs": "nixpkgs"
      },
      "locked": {
        "lastModified": 1688055723,
        "narHash": "sha256-8WtkSAr4qYA3o6kiOCESK3rHJmIsa6TMBrT3/Cbfvro=",
        "owner": "MayNiklas",
        "repo": "nixos-adblock-unbound",
        "rev": "9356ccd526fdcf91bfee7f0ebebae831349d43cc",
        "type": "github"
      },
      "original": {
        "owner": "MayNiklas",
        "repo": "nixos-adblock-unbound",
        "type": "github"
      }
    },
    "adblockStevenBlack": {
      "flake": false,
      "locked": {
        "lastModified": 1693313884,
        "narHash": "sha256-5dpMXdScvexhmzr6i0kA5APIApQOOxaalQEbIrovhWg=",
        "owner": "StevenBlack",
        "repo": "hosts",
        "rev": "85cc9dff95af18be0b715ef5e8db3104a19bb2c3",
        "type": "github"
      },
      "original": {
        "owner": "StevenBlack",
        "repo": "hosts",
        "type": "github"
      }
    },
    "alexanderwallau-keys": {
      "flake": false,
      "locked": {
        "narHash": "sha256-bNc+52p9foYILK0S4BGYPwnTMXzCv2QU8ThT5NWBZzo=",
        "type": "file",
        "url": "https://github.com/alexanderwallau.keys"
      },
      "original": {
        "type": "file",
        "url": "https://github.com/alexanderwallau.keys"
      }
    },
    "flake-utils": {
      "locked": {
        "lastModified": 1659877975,
        "narHash": "sha256-zllb8aq3YO3h8B/U0/J1WBgAL8EX5yWf5pMj3G0NAmc=",
        "owner": "numtide",
        "repo": "flake-utils",
        "rev": "c0e246b9b83f637f4681389ecabcb2681b4f3af0",
        "type": "github"
      },
      "original": {
        "owner": "numtide",
        "repo": "flake-utils",
        "type": "github"
      }
    },
    "flake-utils_2": {
      "inputs": {
        "systems": "systems"
      },
      "locked": {
        "lastModified": 1692799911,
        "narHash": "sha256-3eihraek4qL744EvQXsK1Ha6C3CR7nnT8X2qWap4RNk=",
        "owner": "numtide",
        "repo": "flake-utils",
        "rev": "f9e7cf818399d17d347f847525c5a5a8032e4e44",
        "type": "github"
      },
      "original": {
        "owner": "numtide",
        "repo": "flake-utils",
        "type": "github"
      }
    },
    "home-manager": {
      "inputs": {
        "nixpkgs": [
          "nixpkgs"
        ]
      },
      "locked": {
        "lastModified": 1693208669,
        "narHash": "sha256-hHFaaUsZ860wvppPeiu7nJn/nXZjJfnqAQEu9SPFE9I=",
        "owner": "nix-community",
        "repo": "home-manager",
        "rev": "5bac4a1c06cd77cf8fc35a658ccb035a6c50cd2c",
        "type": "github"
      },
      "original": {
        "owner": "nix-community",
        "ref": "release-23.05",
        "repo": "home-manager",
        "type": "github"
      }
    },
    "lollypops": {
      "inputs": {
        "flake-utils": [
          "flake-utils"
        ],
        "nixpkgs": [
          "nixpkgs"
        ]
      },
      "locked": {
        "lastModified": 1689152190,
        "narHash": "sha256-7pBmXpKMBztnS11r9Lrlq7ZdmMcYMZEgkoy4UIf4nPI=",
        "owner": "pinpox",
        "repo": "lollypops",
        "rev": "ba0705508b215f4ba9cc2e6b7b9f956eefde13d3",
        "type": "github"
      },
      "original": {
        "owner": "pinpox",
        "repo": "lollypops",
        "type": "github"
      }
    },
    "nixos-hardware": {
      "locked": {
        "lastModified": 1692952286,
        "narHash": "sha256-TsrtPv3+Q1KR0avZxpiJH+b6fX/R/hEQVHbjl1ebotY=",
        "owner": "nixos",
        "repo": "nixos-hardware",
        "rev": "817e297fc3352fadc15f2c5306909aa9192d7d97",
        "type": "github"
      },
      "original": {
        "owner": "nixos",
        "repo": "nixos-hardware",
        "type": "github"
      }
    },
    "nixpkgs": {
      "locked": {
        "lastModified": 0,
        "narHash": "sha256-zoHPqSQSENt96zTk6Mt1AP+dMNqQDshXKQ4I6MfjP80=",
        "path": "/nix/store/wxn6cfj8p7kf720jyz3r3xfw3xvn6kdh-source",
        "type": "path"
      },
      "original": {
        "id": "nixpkgs",
        "type": "indirect"
      }
    },
    "nixpkgs-unstable": {
      "locked": {
        "lastModified": 1693377291,
        "narHash": "sha256-vYGY9bnqEeIncNarDZYhm6KdLKgXMS+HA2mTRaWEc80=",
        "owner": "nixos",
        "repo": "nixpkgs",
        "rev": "e7f38be3775bab9659575f192ece011c033655f0",
        "type": "github"
      },
      "original": {
        "owner": "nixos",
        "ref": "nixos-unstable",
        "repo": "nixpkgs",
        "type": "github"
      }
    },
    "nixpkgs_2": {
      "locked": {
        "lastModified": 1693341273,
        "narHash": "sha256-wrsPjsIx2767909MPGhSIOmkpGELM9eufqLQOPxmZQg=",
        "owner": "NixOS",
        "repo": "nixpkgs",
        "rev": "2ab91c8d65c00fd22a441c69bbf1bc9b420d5ea1",
        "type": "github"
      },
      "original": {
        "owner": "NixOS",
        "ref": "nixos-23.05",
        "repo": "nixpkgs",
        "type": "github"
      }
    },
    "root": {
      "inputs": {
        "adblock-unbound": "adblock-unbound",
        "adblockStevenBlack": "adblockStevenBlack",
        "alexanderwallau-keys": "alexanderwallau-keys",
        "flake-utils": "flake-utils_2",
        "home-manager": "home-manager",
        "lollypops": "lollypops",
        "nixos-hardware": "nixos-hardware",
        "nixpkgs": "nixpkgs_2",
        "nixpkgs-unstable": "nixpkgs-unstable"
      }
    },
    "systems": {
      "locked": {
        "lastModified": 1681028828,
        "narHash": "sha256-Vy1rq5AaRuLzOxct8nz4T6wlgyUR7zLU309k9mBC768=",
        "owner": "nix-systems",
        "repo": "default",
        "rev": "da67096a3b9bf56a91d16901293e51ba5b49a27e",
        "type": "github"
      },
      "original": {
        "owner": "nix-systems",
        "repo": "default",
        "type": "github"
      }
    }
  },
  "root": "root",
  "version": 7
}
